
Microsoft Visual Studio Solution File, Format Version 12.00
# Visual Studio Version 17
VisualStudioVersion = 17.6.33829.357
MinimumVisualStudioVersion = 10.0.40219.1
Project("{FAE04EC0-301F-11D3-BF4B-00C04F79EFBC}") = "WorldOfZuul", "WorldOfZuul\WorldOfZuul.csproj", "{B6F53520-756B-449A-8940-959F0B7184FD}"
EndProject
Global
	GlobalSection(SolutionConfigurationPlatforms) = preSolution
		Debug|Any CPU = Debug|Any CPU
		Release|Any CPU = Release|Any CPU
	EndGlobalSection
	GlobalSection(ProjectConfigurationPlatforms) = postSolution
		{B6F53520-756B-449A-8940-959F0B7184FD}.Debug|Any CPU.ActiveCfg = Debug|Any CPU
		{B6F53520-756B-449A-8940-959F0B7184FD}.Debug|Any CPU.Build.0 = Debug|Any CPU
		{B6F53520-756B-449A-8940-959F0B7184FD}.Release|Any CPU.ActiveCfg = Release|Any CPU
		{B6F53520-756B-449A-8940-959F0B7184FD}.Release|Any CPU.Build.0 = Release|Any CPU
	EndGlobalSection
	GlobalSection(SolutionProperties) = preSolution
		HideSolutionNode = FALSE
	EndGlobalSection
	GlobalSection(ExtensibilityGlobals) = postSolution
		SolutionGuid = {A6DC618B-3BA1-4F77-9330-93ACEBCF35C1}
	EndGlobalSection
EndGlobal
